
Microsoft Visual Studio Solution File, Format Version 12.00
# Visual Studio Version 16
VisualStudioVersion = 16.0.31702.278
MinimumVisualStudioVersion = 10.0.40219.1
Project("{FAE04EC0-301F-11D3-BF4B-00C04F79EFBC}") = "HealthApp.Android", "HealthApp.Android\HealthApp.Android.csproj", "{5C587C91-1661-417B-BD49-F5C345F929A4}"
EndProject
Project("{FAE04EC0-301F-11D3-BF4B-00C04F79EFBC}") = "HealthApp.iOS", "HealthApp.iOS\HealthApp.iOS.csproj", "{A3FB1EA7-EA69-497A-9E35-5C9270E6CB3A}"
EndProject
Project("{FAE04EC0-301F-11D3-BF4B-00C04F79EFBC}") = "HealthApp", "HealthApp\HealthApp.csproj", "{A61C8898-A875-46B5-A430-11117B2B8F9E}"
EndProject
Global
	GlobalSection(SolutionConfigurationPlatforms) = preSolution
		Debug|Any CPU = Debug|Any CPU
		Debug|iPhone = Debug|iPhone
		Debug|iPhoneSimulator = Debug|iPhoneSimulator
		Release|Any CPU = Release|Any CPU
		Release|iPhone = Release|iPhone
		Release|iPhoneSimulator = Release|iPhoneSimulator
	EndGlobalSection
	GlobalSection(ProjectConfigurationPlatforms) = postSolution
		{5C587C91-1661-417B-BD49-F5C345F929A4}.Debug|Any CPU.ActiveCfg = Debug|Any CPU
		{5C587C91-1661-417B-BD49-F5C345F929A4}.Debug|Any CPU.Build.0 = Debug|Any CPU
		{5C587C91-1661-417B-BD49-F5C345F929A4}.Debug|Any CPU.Deploy.0 = Debug|Any CPU
		{5C587C91-1661-417B-BD49-F5C345F929A4}.Debug|iPhone.ActiveCfg = Debug|Any CPU
		{5C587C91-1661-417B-BD49-F5C345F929A4}.Debug|iPhone.Build.0 = Debug|Any CPU
		{5C587C91-1661-417B-BD49-F5C345F929A4}.Debug|iPhone.Deploy.0 = Debug|Any CPU
		{5C587C91-1661-417B-BD49-F5C345F929A4}.Debug|iPhoneSimulator.ActiveCfg = Debug|Any CPU
		{5C587C91-1661-417B-BD49-F5C345F929A4}.Debug|iPhoneSimulator.Build.0 = Debug|Any CPU
		{5C587C91-1661-417B-BD49-F5C345F929A4}.Debug|iPhoneSimulator.Deploy.0 = Debug|Any CPU
		{5C587C91-1661-417B-BD49-F5C345F929A4}.Release|Any CPU.ActiveCfg = Release|Any CPU
		{5C587C91-1661-417B-BD49-F5C345F929A4}.Release|Any CPU.Build.0 = Release|Any CPU
		{5C587C91-1661-417B-BD49-F5C345F929A4}.Release|Any CPU.Deploy.0 = Release|Any CPU
		{5C587C91-1661-417B-BD49-F5C345F929A4}.Release|iPhone.ActiveCfg = Release|Any CPU
		{5C587C91-1661-417B-BD49-F5C345F929A4}.Release|iPhone.Build.0 = Release|Any CPU
		{5C587C91-1661-417B-BD49-F5C345F929A4}.Release|iPhone.Deploy.0 = Release|Any CPU
		{5C587C91-1661-417B-BD49-F5C345F929A4}.Release|iPhoneSimulator.ActiveCfg = Release|Any CPU
		{5C587C91-1661-417B-BD49-F5C345F929A4}.Release|iPhoneSimulator.Build.0 = Release|Any CPU
		{5C587C91-1661-417B-BD49-F5C345F929A4}.Release|iPhoneSimulator.Deploy.0 = Release|Any CPU
		{A3FB1EA7-EA69-497A-9E35-5C9270E6CB3A}.Debug|Any CPU.ActiveCfg = Debug|iPhone
		{A3FB1EA7-EA69-497A-9E35-5C9270E6CB3A}.Debug|Any CPU.Build.0 = Debug|iPhone
		{A3FB1EA7-EA69-497A-9E35-5C9270E6CB3A}.Debug|Any CPU.Deploy.0 = Debug|iPhone
		{A3FB1EA7-EA69-497A-9E35-5C9270E6CB3A}.Debug|iPhone.ActiveCfg = Debug|iPhone
		{A3FB1EA7-EA69-497A-9E35-5C9270E6CB3A}.Debug|iPhone.Build.0 = Debug|iPhone
		{A3FB1EA7-EA69-497A-9E35-5C9270E6CB3A}.Debug|iPhone.Deploy.0 = Debug|iPhone
		{A3FB1EA7-EA69-497A-9E35-5C9270E6CB3A}.Debug|iPhoneSimulator.ActiveCfg = Debug|iPhoneSimulator
		{A3FB1EA7-EA69-497A-9E35-5C9270E6CB3A}.Debug|iPhoneSimulator.Build.0 = Debug|iPhoneSimulator
		{A3FB1EA7-EA69-497A-9E35-5C9270E6CB3A}.Debug|iPhoneSimulator.Deploy.0 = Debug|iPhoneSimulator
		{A3FB1EA7-EA69-497A-9E35-5C9270E6CB3A}.Release|Any CPU.ActiveCfg = Release|iPhoneSimulator
		{A3FB1EA7-EA69-497A-9E35-5C9270E6CB3A}.Release|Any CPU.Build.0 = Release|iPhoneSimulator
		{A3FB1EA7-EA69-497A-9E35-5C9270E6CB3A}.Release|Any CPU.Deploy.0 = Release|iPhoneSimulator
		{A3FB1EA7-EA69-497A-9E35-5C9270E6CB3A}.Release|iPhone.ActiveCfg = Release|iPhone
		{A3FB1EA7-EA69-497A-9E35-5C9270E6CB3A}.Release|iPhone.Build.0 = Release|iPhone
		{A3FB1EA7-EA69-497A-9E35-5C9270E6CB3A}.Release|iPhone.Deploy.0 = Release|iPhone
		{A3FB1EA7-EA69-497A-9E35-5C9270E6CB3A}.Release|iPhoneSimulator.ActiveCfg = Release|iPhoneSimulator
		{A3FB1EA7-EA69-497A-9E35-5C9270E6CB3A}.Release|iPhoneSimulator.Build.0 = Release|iPhoneSimulator
		{A3FB1EA7-EA69-497A-9E35-5C9270E6CB3A}.Release|iPhoneSimulator.Deploy.0 = Release|iPhoneSimulator
		{A61C8898-A875-46B5-A430-11117B2B8F9E}.Debug|Any CPU.ActiveCfg = Debug|Any CPU
		{A61C8898-A875-46B5-A430-11117B2B8F9E}.Debug|Any CPU.Build.0 = Debug|Any CPU
		{A61C8898-A875-46B5-A430-11117B2B8F9E}.Debug|Any CPU.Deploy.0 = Debug|Any CPU
		{A61C8898-A875-46B5-A430-11117B2B8F9E}.Debug|iPhone.ActiveCfg = Debug|Any CPU
		{A61C8898-A875-46B5-A430-11117B2B8F9E}.Debug|iPhone.Build.0 = Debug|Any CPU
		{A61C8898-A875-46B5-A430-11117B2B8F9E}.Debug|iPhone.Deploy.0 = Debug|Any CPU
		{A61C8898-A875-46B5-A430-11117B2B8F9E}.Debug|iPhoneSimulator.ActiveCfg = Debug|Any CPU
		{A61C8898-A875-46B5-A430-11117B2B8F9E}.Debug|iPhoneSimulator.Build.0 = Debug|Any CPU
		{A61C8898-A875-46B5-A430-11117B2B8F9E}.Debug|iPhoneSimulator.Deploy.0 = Debug|Any CPU
		{A61C8898-A875-46B5-A430-11117B2B8F9E}.Release|Any CPU.ActiveCfg = Release|Any CPU
		{A61C8898-A875-46B5-A430-11117B2B8F9E}.Release|Any CPU.Build.0 = Release|Any CPU
		{A61C8898-A875-46B5-A430-11117B2B8F9E}.Release|Any CPU.Deploy.0 = Release|Any CPU
		{A61C8898-A875-46B5-A430-11117B2B8F9E}.Release|iPhone.ActiveCfg = Release|Any CPU
		{A61C8898-A875-46B5-A430-11117B2B8F9E}.Release|iPhone.Build.0 = Release|Any CPU
		{A61C8898-A875-46B5-A430-11117B2B8F9E}.Release|iPhone.Deploy.0 = Release|Any CPU
		{A61C8898-A875-46B5-A430-11117B2B8F9E}.Release|iPhoneSimulator.ActiveCfg = Release|Any CPU
		{A61C8898-A875-46B5-A430-11117B2B8F9E}.Release|iPhoneSimulator.Build.0 = Release|Any CPU
		{A61C8898-A875-46B5-A430-11117B2B8F9E}.Release|iPhoneSimulator.Deploy.0 = Release|Any CPU
	EndGlobalSection
	GlobalSection(SolutionProperties) = preSolution
		HideSolutionNode = FALSE
	EndGlobalSection
	GlobalSection(ExtensibilityGlobals) = postSolution
		SolutionGuid = {7F32C98F-5788-4699-B556-854E5F144104}
	EndGlobalSection
EndGlobal
